
Microsoft Visual Studio Solution File, Format Version 12.00
# Visual Studio 15
Project("{FAE04EC0-301F-11D3-BF4B-00C04F79EFBC}") = "Assembly-CSharp", "Assembly-CSharp.csproj", "{F1E226F6-ACEC-FD30-0926-60BCF2723FD0}"
EndProject
Project("{FAE04EC0-301F-11D3-BF4B-00C04F79EFBC}") = "Assembly-CSharp-Editor", "Assembly-CSharp-Editor.csproj", "{3D411AA0-7DD7-EFB0-5AAD-C207F3E25A91}"
EndProject
Global
	GlobalSection(SolutionConfigurationPlatforms) = preSolution
		Debug|Any CPU = Debug|Any CPU
		Release|Any CPU = Release|Any CPU
	EndGlobalSection
	GlobalSection(ProjectConfigurationPlatforms) = postSolution
		{F1E226F6-ACEC-FD30-0926-60BCF2723FD0}.Debug|Any CPU.ActiveCfg = Debug|Any CPU
		{F1E226F6-ACEC-FD30-0926-60BCF2723FD0}.Debug|Any CPU.Build.0 = Debug|Any CPU
		{F1E226F6-ACEC-FD30-0926-60BCF2723FD0}.Release|Any CPU.ActiveCfg = Release|Any CPU
		{F1E226F6-ACEC-FD30-0926-60BCF2723FD0}.Release|Any CPU.Build.0 = Release|Any CPU
		{3D411AA0-7DD7-EFB0-5AAD-C207F3E25A91}.Debug|Any CPU.ActiveCfg = Debug|Any CPU
		{3D411AA0-7DD7-EFB0-5AAD-C207F3E25A91}.Debug|Any CPU.Build.0 = Debug|Any CPU
		{3D411AA0-7DD7-EFB0-5AAD-C207F3E25A91}.Release|Any CPU.ActiveCfg = Release|Any CPU
		{3D411AA0-7DD7-EFB0-5AAD-C207F3E25A91}.Release|Any CPU.Build.0 = Release|Any CPU
	EndGlobalSection
	GlobalSection(SolutionProperties) = preSolution
		HideSolutionNode = FALSE
	EndGlobalSection
EndGlobal
